
Microsoft Visual Studio Solution File, Format Version 10.00
# Visual Studio 2008
Project("{6989167D-11E4-40FE-8C1A-2192A86A7E90}") = "gotmlib", "%GOTMDIR%\compilers\vs2008\gotmlib.vfproj", "{B6A5514C-5B9C-4E70-9BD7-767888D45B30}"
	ProjectSection(ProjectDependencies) = postProject
		{8F565009-067E-4B62-BF9C-6CEFC4832BD3} = {8F565009-067E-4B62-BF9C-6CEFC4832BD3}
		{5461D636-7FAC-45CE-9793-729FDC145158} = {5461D636-7FAC-45CE-9793-729FDC145158}
		{CDC1D93E-4475-425F-9442-7A9330D4134E} = {CDC1D93E-4475-425F-9442-7A9330D4134E}
		{7D63F885-F1D8-469C-A076-488A23EB592B} = {7D63F885-F1D8-469C-A076-488A23EB592B}
	EndProjectSection
EndProject
Project("{6989167D-11E4-40FE-8C1A-2192A86A7E90}") = "turbulence", "%GOTMDIR%\compilers\vs2008\turbulence.vfproj", "{CDC1D93E-4475-425F-9442-7A9330D4134E}"
	ProjectSection(ProjectDependencies) = postProject
		{5461D636-7FAC-45CE-9793-729FDC145158} = {5461D636-7FAC-45CE-9793-729FDC145158}
	EndProjectSection
EndProject
Project("{6989167D-11E4-40FE-8C1A-2192A86A7E90}") = "util", "%GOTMDIR%\compilers\vs2008\util.vfproj", "{5461D636-7FAC-45CE-9793-729FDC145158}"
EndProject
Project("{6989167D-11E4-40FE-8C1A-2192A86A7E90}") = "bio", "%GOTMDIR%\compilers\vs2008\bio.vfproj", "{8F565009-067E-4B62-BF9C-6CEFC4832BD3}"
	ProjectSection(ProjectDependencies) = postProject
		{5461D636-7FAC-45CE-9793-729FDC145158} = {5461D636-7FAC-45CE-9793-729FDC145158}
		{7D63F885-F1D8-469C-A076-488A23EB592B} = {7D63F885-F1D8-469C-A076-488A23EB592B}
	EndProjectSection
EndProject
Project("{2150E333-8FDC-42A3-9474-1A3956D46DE8}") = "libraries", "libraries", "{B243B505-2E7F-4887-A5DB-1C45C6ADB4D1}"
EndProject
Project("{2150E333-8FDC-42A3-9474-1A3956D46DE8}") = "executable", "executable", "{024BBCFD-0FBF-4E4C-8972-367A23146ACB}"
EndProject
Project("{2150E333-8FDC-42A3-9474-1A3956D46DE8}") = "dependencies", "dependencies", "{70E7E9FB-F4AC-43FC-8D22-4E26BF6209EA}"
EndProject
Project("{6989167D-11E4-40FE-8C1A-2192A86A7E90}") = "driver0d", "driver0d.vfproj", "{AF6D7BE2-B490-4CCE-9F3E-11C95EBDBBBC}"
	ProjectSection(ProjectDependencies) = postProject
		{5461D636-7FAC-45CE-9793-729FDC145158} = {5461D636-7FAC-45CE-9793-729FDC145158}
		{B6A5514C-5B9C-4E70-9BD7-767888D45B30} = {B6A5514C-5B9C-4E70-9BD7-767888D45B30}
		{2C1D29B3-4615-4B76-8C27-DF9D7BA60EA2} = {2C1D29B3-4615-4B76-8C27-DF9D7BA60EA2}
	EndProjectSection
EndProject
Project("{6989167D-11E4-40FE-8C1A-2192A86A7E90}") = "fabm-0d", "fabm-0d.vfproj", "{2C1D29B3-4615-4B76-8C27-DF9D7BA60EA2}"
	ProjectSection(ProjectDependencies) = postProject
		{7D63F885-F1D8-469C-A076-488A23EB592B} = {7D63F885-F1D8-469C-A076-488A23EB592B}
	EndProjectSection
EndProject
Project("{6989167D-11E4-40FE-8C1A-2192A86A7E90}") = "fabm-gotm", "fabm-gotm.vfproj", "{7D63F885-F1D8-469C-A076-488A23EB592B}"
EndProject
Global
	GlobalSection(SolutionConfigurationPlatforms) = preSolution
		Debug|Win32 = Debug|Win32
		Release|Win32 = Release|Win32
	EndGlobalSection
	GlobalSection(ProjectConfigurationPlatforms) = postSolution
		{B6A5514C-5B9C-4E70-9BD7-767888D45B30}.Debug|Win32.ActiveCfg = Debug|Win32
		{B6A5514C-5B9C-4E70-9BD7-767888D45B30}.Debug|Win32.Build.0 = Debug|Win32
		{B6A5514C-5B9C-4E70-9BD7-767888D45B30}.Release|Win32.ActiveCfg = Release|Win32
		{B6A5514C-5B9C-4E70-9BD7-767888D45B30}.Release|Win32.Build.0 = Release|Win32
		{CDC1D93E-4475-425F-9442-7A9330D4134E}.Debug|Win32.ActiveCfg = Debug|Win32
		{CDC1D93E-4475-425F-9442-7A9330D4134E}.Debug|Win32.Build.0 = Debug|Win32
		{CDC1D93E-4475-425F-9442-7A9330D4134E}.Release|Win32.ActiveCfg = Release|Win32
		{CDC1D93E-4475-425F-9442-7A9330D4134E}.Release|Win32.Build.0 = Release|Win32
		{5461D636-7FAC-45CE-9793-729FDC145158}.Debug|Win32.ActiveCfg = Debug|Win32
		{5461D636-7FAC-45CE-9793-729FDC145158}.Debug|Win32.Build.0 = Debug|Win32
		{5461D636-7FAC-45CE-9793-729FDC145158}.Release|Win32.ActiveCfg = Release|Win32
		{5461D636-7FAC-45CE-9793-729FDC145158}.Release|Win32.Build.0 = Release|Win32
		{8F565009-067E-4B62-BF9C-6CEFC4832BD3}.Debug|Win32.ActiveCfg = Debug|Win32
		{8F565009-067E-4B62-BF9C-6CEFC4832BD3}.Debug|Win32.Build.0 = Debug|Win32
		{8F565009-067E-4B62-BF9C-6CEFC4832BD3}.Release|Win32.ActiveCfg = Release|Win32
		{8F565009-067E-4B62-BF9C-6CEFC4832BD3}.Release|Win32.Build.0 = Release|Win32
		{AF6D7BE2-B490-4CCE-9F3E-11C95EBDBBBC}.Debug|Win32.ActiveCfg = Debug|Win32
		{AF6D7BE2-B490-4CCE-9F3E-11C95EBDBBBC}.Debug|Win32.Build.0 = Debug|Win32
		{AF6D7BE2-B490-4CCE-9F3E-11C95EBDBBBC}.Release|Win32.ActiveCfg = Release|Win32
		{AF6D7BE2-B490-4CCE-9F3E-11C95EBDBBBC}.Release|Win32.Build.0 = Release|Win32
		{2C1D29B3-4615-4B76-8C27-DF9D7BA60EA2}.Debug|Win32.ActiveCfg = Debug|Win32
		{2C1D29B3-4615-4B76-8C27-DF9D7BA60EA2}.Debug|Win32.Build.0 = Debug|Win32
		{2C1D29B3-4615-4B76-8C27-DF9D7BA60EA2}.Release|Win32.ActiveCfg = Release|Win32
		{2C1D29B3-4615-4B76-8C27-DF9D7BA60EA2}.Release|Win32.Build.0 = Release|Win32
		{7D63F885-F1D8-469C-A076-488A23EB592B}.Debug|Win32.ActiveCfg = Debug|Win32
		{7D63F885-F1D8-469C-A076-488A23EB592B}.Debug|Win32.Build.0 = Debug|Win32
		{7D63F885-F1D8-469C-A076-488A23EB592B}.Release|Win32.ActiveCfg = Release|Win32
		{7D63F885-F1D8-469C-A076-488A23EB592B}.Release|Win32.Build.0 = Release|Win32
	EndGlobalSection
	GlobalSection(SolutionProperties) = preSolution
		HideSolutionNode = FALSE
	EndGlobalSection
	GlobalSection(NestedProjects) = preSolution
		{CDC1D93E-4475-425F-9442-7A9330D4134E} = {B243B505-2E7F-4887-A5DB-1C45C6ADB4D1}
		{5461D636-7FAC-45CE-9793-729FDC145158} = {B243B505-2E7F-4887-A5DB-1C45C6ADB4D1}
		{8F565009-067E-4B62-BF9C-6CEFC4832BD3} = {B243B505-2E7F-4887-A5DB-1C45C6ADB4D1}
		{B6A5514C-5B9C-4E70-9BD7-767888D45B30} = {B243B505-2E7F-4887-A5DB-1C45C6ADB4D1}
		{2C1D29B3-4615-4B76-8C27-DF9D7BA60EA2} = {70E7E9FB-F4AC-43FC-8D22-4E26BF6209EA}
		{7D63F885-F1D8-469C-A076-488A23EB592B} = {70E7E9FB-F4AC-43FC-8D22-4E26BF6209EA}
		{AF6D7BE2-B490-4CCE-9F3E-11C95EBDBBBC} = {024BBCFD-0FBF-4E4C-8972-367A23146ACB}
	EndGlobalSection
EndGlobal
