Microsoft Visual Studio Solution File, Format Version 11.00
# Visual Studio 2010
Project("{6989167D-11E4-40FE-8C1A-2192A86A7E90}") = "driver0d", "driver0d.vfproj", "{B6A5514C-5B9C-4E70-9BD7-767888D45B30}"
	ProjectSection(ProjectDependencies) = postProject
		{7D63F885-F1D8-469C-A076-488A23EB592B} = {7D63F885-F1D8-469C-A076-488A23EB592B}
		{12FF14CF-D057-46BD-8BD3-8C957A1016DC} = {12FF14CF-D057-46BD-8BD3-8C957A1016DC}
		{174594F8-545B-4E1D-B36C-2350F66F038A} = {174594F8-545B-4E1D-B36C-2350F66F038A}
	EndProjectSection
EndProject
Project("{6989167D-11E4-40FE-8C1A-2192A86A7E90}") = "fabm-0d", "fabm-0d.vfproj", "{7D63F885-F1D8-469C-A076-488A23EB592B}"
EndProject
Project("{2150E333-8FDC-42A3-9474-1A3956D46DE8}") = "gotm", "gotm", "{EEE923F8-7CAB-4998-A716-BC587487EA7A}"
EndProject
Project("{6989167D-11E4-40FE-8C1A-2192A86A7E90}") = "gotmlib", "%GOTMDIR%\compilers\vs2010\gotmlib.vfproj", "{174594F8-545B-4E1D-B36C-2350F66F038A}"
	ProjectSection(ProjectDependencies) = postProject
		{195325CC-732D-4F1C-ABAD-A9B118351236} = {195325CC-732D-4F1C-ABAD-A9B118351236}
		{12FF14CF-D057-46BD-8BD3-8C957A1016DC} = {12FF14CF-D057-46BD-8BD3-8C957A1016DC}
	EndProjectSection
EndProject
Project("{6989167D-11E4-40FE-8C1A-2192A86A7E90}") = "util", "%GOTMDIR%\compilers\vs2010\util.vfproj", "{12FF14CF-D057-46BD-8BD3-8C957A1016DC}"
EndProject
Project("{6989167D-11E4-40FE-8C1A-2192A86A7E90}") = "turbulence", "%GOTMDIR%\compilers\vs2010\turbulence.vfproj", "{195325CC-732D-4F1C-ABAD-A9B118351236}"
	ProjectSection(ProjectDependencies) = postProject
		{12FF14CF-D057-46BD-8BD3-8C957A1016DC} = {12FF14CF-D057-46BD-8BD3-8C957A1016DC}
	EndProjectSection
EndProject
Project("{6989167D-11E4-40FE-8C1A-2192A86A7E90}") = "fabm-python", "fabm-python.vfproj", "{FB313E5B-4571-4F0C-A281-845A24198A59}"
	ProjectSection(ProjectDependencies) = postProject
		{7D63F885-F1D8-469C-A076-488A23EB592B} = {7D63F885-F1D8-469C-A076-488A23EB592B}
	EndProjectSection
EndProject
Global
	GlobalSection(SolutionConfigurationPlatforms) = preSolution
		Debug|Win32 = Debug|Win32
		Debug|x64 = Debug|x64
		Release|Win32 = Release|Win32
		Release|x64 = Release|x64
	EndGlobalSection
	GlobalSection(ProjectConfigurationPlatforms) = postSolution
		{B6A5514C-5B9C-4E70-9BD7-767888D45B30}.Debug|Win32.ActiveCfg = Debug|Win32
		{B6A5514C-5B9C-4E70-9BD7-767888D45B30}.Debug|Win32.Build.0 = Debug|Win32
		{B6A5514C-5B9C-4E70-9BD7-767888D45B30}.Debug|x64.ActiveCfg = Debug|x64
		{B6A5514C-5B9C-4E70-9BD7-767888D45B30}.Debug|x64.Build.0 = Debug|x64
		{B6A5514C-5B9C-4E70-9BD7-767888D45B30}.Release|Win32.ActiveCfg = Release|Win32
		{B6A5514C-5B9C-4E70-9BD7-767888D45B30}.Release|Win32.Build.0 = Release|Win32
		{B6A5514C-5B9C-4E70-9BD7-767888D45B30}.Release|x64.ActiveCfg = Release|x64
		{B6A5514C-5B9C-4E70-9BD7-767888D45B30}.Release|x64.Build.0 = Release|x64
		{7D63F885-F1D8-469C-A076-488A23EB592B}.Debug|Win32.ActiveCfg = Debug|Win32
		{7D63F885-F1D8-469C-A076-488A23EB592B}.Debug|Win32.Build.0 = Debug|Win32
		{7D63F885-F1D8-469C-A076-488A23EB592B}.Debug|x64.ActiveCfg = Debug|x64
		{7D63F885-F1D8-469C-A076-488A23EB592B}.Debug|x64.Build.0 = Debug|x64
		{7D63F885-F1D8-469C-A076-488A23EB592B}.Release|Win32.ActiveCfg = Release|Win32
		{7D63F885-F1D8-469C-A076-488A23EB592B}.Release|Win32.Build.0 = Release|Win32
		{7D63F885-F1D8-469C-A076-488A23EB592B}.Release|x64.ActiveCfg = Release|x64
		{7D63F885-F1D8-469C-A076-488A23EB592B}.Release|x64.Build.0 = Release|x64
		{174594F8-545B-4E1D-B36C-2350F66F038A}.Debug|Win32.ActiveCfg = Debug-nobio|Win32
		{174594F8-545B-4E1D-B36C-2350F66F038A}.Debug|Win32.Build.0 = Debug-nobio|Win32
		{174594F8-545B-4E1D-B36C-2350F66F038A}.Debug|x64.ActiveCfg = Debug-nobio|x64
		{174594F8-545B-4E1D-B36C-2350F66F038A}.Debug|x64.Build.0 = Debug-nobio|x64
		{174594F8-545B-4E1D-B36C-2350F66F038A}.Release|Win32.ActiveCfg = Release-nobio|Win32
		{174594F8-545B-4E1D-B36C-2350F66F038A}.Release|Win32.Build.0 = Release-nobio|Win32
		{174594F8-545B-4E1D-B36C-2350F66F038A}.Release|x64.ActiveCfg = Release-nobio|x64
		{174594F8-545B-4E1D-B36C-2350F66F038A}.Release|x64.Build.0 = Release-nobio|x64
		{12FF14CF-D057-46BD-8BD3-8C957A1016DC}.Debug|Win32.ActiveCfg = Debug|Win32
		{12FF14CF-D057-46BD-8BD3-8C957A1016DC}.Debug|Win32.Build.0 = Debug|Win32
		{12FF14CF-D057-46BD-8BD3-8C957A1016DC}.Debug|x64.ActiveCfg = Debug|x64
		{12FF14CF-D057-46BD-8BD3-8C957A1016DC}.Debug|x64.Build.0 = Debug|x64
		{12FF14CF-D057-46BD-8BD3-8C957A1016DC}.Release|Win32.ActiveCfg = Release|Win32
		{12FF14CF-D057-46BD-8BD3-8C957A1016DC}.Release|Win32.Build.0 = Release|Win32
		{12FF14CF-D057-46BD-8BD3-8C957A1016DC}.Release|x64.ActiveCfg = Release|x64
		{12FF14CF-D057-46BD-8BD3-8C957A1016DC}.Release|x64.Build.0 = Release|x64
		{195325CC-732D-4F1C-ABAD-A9B118351236}.Debug|Win32.ActiveCfg = Debug|Win32
		{195325CC-732D-4F1C-ABAD-A9B118351236}.Debug|Win32.Build.0 = Debug|Win32
		{195325CC-732D-4F1C-ABAD-A9B118351236}.Debug|x64.ActiveCfg = Debug|x64
		{195325CC-732D-4F1C-ABAD-A9B118351236}.Debug|x64.Build.0 = Debug|x64
		{195325CC-732D-4F1C-ABAD-A9B118351236}.Release|Win32.ActiveCfg = Release|Win32
		{195325CC-732D-4F1C-ABAD-A9B118351236}.Release|Win32.Build.0 = Release|Win32
		{195325CC-732D-4F1C-ABAD-A9B118351236}.Release|x64.ActiveCfg = Release|x64
		{195325CC-732D-4F1C-ABAD-A9B118351236}.Release|x64.Build.0 = Release|x64
		{FB313E5B-4571-4F0C-A281-845A24198A59}.Debug|Win32.ActiveCfg = Debug|Win32
		{FB313E5B-4571-4F0C-A281-845A24198A59}.Debug|Win32.Build.0 = Debug|Win32
		{FB313E5B-4571-4F0C-A281-845A24198A59}.Debug|x64.ActiveCfg = Debug|x64
		{FB313E5B-4571-4F0C-A281-845A24198A59}.Debug|x64.Build.0 = Debug|x64
		{FB313E5B-4571-4F0C-A281-845A24198A59}.Release|Win32.ActiveCfg = Release|Win32
		{FB313E5B-4571-4F0C-A281-845A24198A59}.Release|Win32.Build.0 = Release|Win32
		{FB313E5B-4571-4F0C-A281-845A24198A59}.Release|x64.ActiveCfg = Release|x64
		{FB313E5B-4571-4F0C-A281-845A24198A59}.Release|x64.Build.0 = Release|x64
	EndGlobalSection
	GlobalSection(SolutionProperties) = preSolution
		HideSolutionNode = FALSE
	EndGlobalSection
	GlobalSection(NestedProjects) = preSolution
		{174594F8-545B-4E1D-B36C-2350F66F038A} = {EEE923F8-7CAB-4998-A716-BC587487EA7A}
		{12FF14CF-D057-46BD-8BD3-8C957A1016DC} = {EEE923F8-7CAB-4998-A716-BC587487EA7A}
		{195325CC-732D-4F1C-ABAD-A9B118351236} = {EEE923F8-7CAB-4998-A716-BC587487EA7A}
	EndGlobalSection
EndGlobal
